{
  "name": "@sitespeed.io/chromedriver",
  "version": "2.44.0",
  "lockfileVersion": 1,
  "requires": true,
  "dependencies": {
    "node-downloader-helper": {
      "version": "1.0.9",
      "resolved": "https://registry.npmjs.org/node-downloader-helper/-/node-downloader-helper-1.0.9.tgz",
      "integrity": "sha512-X2cuBotLy2D3LdQAvhOAZ6IfcMGT6ssn+hCEm6yPJzhjr+S/YjyTLTxhnAe1pr5/jxGABD+b3SN8WpuBL5J2Dw=="
    },
    "node-stream-zip": {
      "version": "1.7.0",
      "resolved": "https://registry.npmjs.org/node-stream-zip/-/node-stream-zip-1.7.0.tgz",
      "integrity": "sha512-kYVtF3lK++53Bg6hZNplYVMrR7Lt0IYdLWehgoHUJLJcSwg/xd2Rm2Z7kJ5W8ZA7pdeg/DiUQDatbYwL3C7qSw=="
    }
  }
}
