{
  "name": "@sitespeed.io/chromedriver",
  "version": "80.0.3987-16b",
  "lockfileVersion": 1,
  "requires": true,
  "dependencies": {
    "node-downloader-helper": {
      "version": "1.0.12",
      "resolved": "https://registry.npmjs.org/node-downloader-helper/-/node-downloader-helper-1.0.12.tgz",
      "integrity": "sha512-2t3h3g3xK5kxhRbwD+0WgKotHyoVEQlE+V93rn97tqzUtbw8cFpHn0uhsc2LeKkDlsQI1iy5XZoS3vACzBdW8A=="
    },
    "node-stream-zip": {
      "version": "1.9.1",
      "resolved": "https://registry.npmjs.org/node-stream-zip/-/node-stream-zip-1.9.1.tgz",
      "integrity": "sha512-7/Xs9gkuYF0WBimz5OrSc6UVKLDTxvBG2yLGtEK8PSx94d86o/6iQLvIe/140ATz35JDqHKWIxh3GcA3u5hB0w=="
    }
  }
}
